
Microsoft Visual Studio Solution File, Format Version 12.00
# Visual Studio 15
VisualStudioVersion = 15.0.27004.2010
MinimumVisualStudioVersion = 10.0.40219.1
Project("{FAE04EC0-301F-11D3-BF4B-00C04F79EFBC}") = "BPVirtualRun", "BPVirtualRun\BPVirtualRun.csproj", "{B1F8EEB5-150F-49F9-AF8F-7F54B1E56C1B}"
EndProject
Global
	GlobalSection(SolutionConfigurationPlatforms) = preSolution
		Debug|Any CPU = Debug|Any CPU
		Release|Any CPU = Release|Any CPU
	EndGlobalSection
	GlobalSection(ProjectConfigurationPlatforms) = postSolution
		{B1F8EEB5-150F-49F9-AF8F-7F54B1E56C1B}.Debug|Any CPU.ActiveCfg = Debug|Any CPU
		{B1F8EEB5-150F-49F9-AF8F-7F54B1E56C1B}.Debug|Any CPU.Build.0 = Debug|Any CPU
		{B1F8EEB5-150F-49F9-AF8F-7F54B1E56C1B}.Release|Any CPU.ActiveCfg = Release|Any CPU
		{B1F8EEB5-150F-49F9-AF8F-7F54B1E56C1B}.Release|Any CPU.Build.0 = Release|Any CPU
	EndGlobalSection
	GlobalSection(SolutionProperties) = preSolution
		HideSolutionNode = FALSE
	EndGlobalSection
	GlobalSection(ExtensibilityGlobals) = postSolution
		SolutionGuid = {9C92203C-F848-43D4-9749-8BDDACC78824}
	EndGlobalSection
EndGlobal
